// !$*UTF8*$!
{
	archiveVersion = 1;
	classes = {
	};
	objectVersion = 55;
	objects = {

/* Begin PBXBuildFile section */
		DD3148A728A69B3700A47F9A /* AppDelegate.swift in Sources */ = {isa = PBXBuildFile; fileRef = DD3148A628A69B3700A47F9A /* AppDelegate.swift */; };
		DD3148A928A69B3700A47F9A /* SceneDelegate.swift in Sources */ = {isa = PBXBuildFile; fileRef = DD3148A828A69B3700A47F9A /* SceneDelegate.swift */; };
		DD3148AB28A69B3700A47F9A /* ViewController.swift in Sources */ = {isa = PBXBuildFile; fileRef = DD3148AA28A69B3700A47F9A /* ViewController.swift */; };
		DD3148AE28A69B3700A47F9A /* Main.storyboard in Resources */ = {isa = PBXBuildFile; fileRef = DD3148AC28A69B3700A47F9A /* Main.storyboard */; };
		DD3148B028A69B3A00A47F9A /* Assets.xcassets in Resources */ = {isa = PBXBuildFile; fileRef = DD3148AF28A69B3A00A47F9A /* Assets.xcassets */; };
		DD3148B328A69B3A00A47F9A /* LaunchScreen.storyboard in Resources */ = {isa = PBXBuildFile; fileRef = DD3148B128A69B3A00A47F9A /* LaunchScreen.storyboard */; };
		DD3148F428A6B00F00A47F9A /* Code couleur.pdf in Resources */ = {isa = PBXBuildFile; fileRef = DD3148EC28A6B00F00A47F9A /* Code couleur.pdf */; };
		DD3148F528A6B00F00A47F9A /* Alpine_roadster.jpg in Resources */ = {isa = PBXBuildFile; fileRef = DD3148ED28A6B00F00A47F9A /* Alpine_roadster.jpg */; };
		DD3148F628A6B00F00A47F9A /* Range_Rover.jpg in Resources */ = {isa = PBXBuildFile; fileRef = DD3148EE28A6B00F00A47F9A /* Range_Rover.jpg */; };
		DD3148F728A6B00F00A47F9A /* Guidomia.png in Resources */ = {isa = PBXBuildFile; fileRef = DD3148EF28A6B00F00A47F9A /* Guidomia.png */; };
		DD3148F828A6B00F00A47F9A /* BMW_330i.jpg in Resources */ = {isa = PBXBuildFile; fileRef = DD3148F028A6B00F00A47F9A /* BMW_330i.jpg */; };
		DD3148F928A6B00F00A47F9A /* Mercedez_benz_GLC.jpg in Resources */ = {isa = PBXBuildFile; fileRef = DD3148F128A6B00F00A47F9A /* Mercedez_benz_GLC.jpg */; };
		DD3148FA28A6B00F00A47F9A /* car_list.json in Resources */ = {isa = PBXBuildFile; fileRef = DD3148F228A6B00F00A47F9A /* car_list.json */; };
		DD3148FB28A6B00F00A47F9A /* Tacoma.jpg in Resources */ = {isa = PBXBuildFile; fileRef = DD3148F328A6B00F00A47F9A /* Tacoma.jpg */; };
		DD31490328A6B39100A47F9A /* JsonLoaderService.swift in Sources */ = {isa = PBXBuildFile; fileRef = DD31490128A6B39100A47F9A /* JsonLoaderService.swift */; };
		DD31490728A6B39D00A47F9A /* ShowCar.swift in Sources */ = {isa = PBXBuildFile; fileRef = DD31490628A6B39D00A47F9A /* ShowCar.swift */; };
		DD31490A28A6B56000A47F9A /* ShowItemTableViewCell.swift in Sources */ = {isa = PBXBuildFile; fileRef = DD31490828A6B56000A47F9A /* ShowItemTableViewCell.swift */; };
		DD31490B28A6B56000A47F9A /* ShowItemTableViewCell.xib in Resources */ = {isa = PBXBuildFile; fileRef = DD31490928A6B56000A47F9A /* ShowItemTableViewCell.xib */; };
/* End PBXBuildFile section */

/* Begin PBXFileReference section */
		DD3148A328A69B3700A47F9A /* Guidomia 2021 Test assignment.app */ = {isa = PBXFileReference; explicitFileType = wrapper.application; includeInIndex = 0; path = "Guidomia 2021 Test assignment.app"; sourceTree = BUILT_PRODUCTS_DIR; };
		DD3148A628A69B3700A47F9A /* AppDelegate.swift */ = {isa = PBXFileReference; lastKnownFileType = sourcecode.swift; path = AppDelegate.swift; sourceTree = "<group>"; };
		DD3148A828A69B3700A47F9A /* SceneDelegate.swift */ = {isa = PBXFileReference; lastKnownFileType = sourcecode.swift; path = SceneDelegate.swift; sourceTree = "<group>"; };
		DD3148AA28A69B3700A47F9A /* ViewController.swift */ = {isa = PBXFileReference; lastKnownFileType = sourcecode.swift; path = ViewController.swift; sourceTree = "<group>"; };
		DD3148AD28A69B3700A47F9A /* Base */ = {isa = PBXFileReference; lastKnownFileType = file.storyboard; name = Base; path = Base.lproj/Main.storyboard; sourceTree = "<group>"; };
		DD3148AF28A69B3A00A47F9A /* Assets.xcassets */ = {isa = PBXFileReference; lastKnownFileType = folder.assetcatalog; path = Assets.xcassets; sourceTree = "<group>"; };
		DD3148B228A69B3A00A47F9A /* Base */ = {isa = PBXFileReference; lastKnownFileType = file.storyboard; name = Base; path = Base.lproj/LaunchScreen.storyboard; sourceTree = "<group>"; };
		DD3148B428A69B3A00A47F9A /* Info.plist */ = {isa = PBXFileReference; lastKnownFileType = text.plist.xml; path = Info.plist; sourceTree = "<group>"; };
		DD3148EC28A6B00F00A47F9A /* Code couleur.pdf */ = {isa = PBXFileReference; lastKnownFileType = image.pdf; path = "Code couleur.pdf"; sourceTree = "<group>"; };
		DD3148ED28A6B00F00A47F9A /* Alpine_roadster.jpg */ = {isa = PBXFileReference; lastKnownFileType = image.jpeg; path = Alpine_roadster.jpg; sourceTree = "<group>"; };
		DD3148EE28A6B00F00A47F9A /* Range_Rover.jpg */ = {isa = PBXFileReference; lastKnownFileType = image.jpeg; path = Range_Rover.jpg; sourceTree = "<group>"; };
		DD3148EF28A6B00F00A47F9A /* Guidomia.png */ = {isa = PBXFileReference; lastKnownFileType = image.png; path = Guidomia.png; sourceTree = "<group>"; };
		DD3148F028A6B00F00A47F9A /* BMW_330i.jpg */ = {isa = PBXFileReference; lastKnownFileType = image.jpeg; path = BMW_330i.jpg; sourceTree = "<group>"; };
		DD3148F128A6B00F00A47F9A /* Mercedez_benz_GLC.jpg */ = {isa = PBXFileReference; lastKnownFileType = image.jpeg; path = Mercedez_benz_GLC.jpg; sourceTree = "<group>"; };
		DD3148F228A6B00F00A47F9A /* car_list.json */ = {isa = PBXFileReference; fileEncoding = 4; lastKnownFileType = text.json; path = car_list.json; sourceTree = "<group>"; };
		DD3148F328A6B00F00A47F9A /* Tacoma.jpg */ = {isa = PBXFileReference; lastKnownFileType = image.jpeg; path = Tacoma.jpg; sourceTree = "<group>"; };
		DD31490128A6B39100A47F9A /* JsonLoaderService.swift */ = {isa = PBXFileReference; fileEncoding = 4; lastKnownFileType = sourcecode.swift; path = JsonLoaderService.swift; sourceTree = "<group>"; };
		DD31490628A6B39D00A47F9A /* ShowCar.swift */ = {isa = PBXFileReference; lastKnownFileType = sourcecode.swift; path = ShowCar.swift; sourceTree = "<group>"; };
		DD31490828A6B56000A47F9A /* ShowItemTableViewCell.swift */ = {isa = PBXFileReference; lastKnownFileType = sourcecode.swift; path = ShowItemTableViewCell.swift; sourceTree = "<group>"; };
		DD31490928A6B56000A47F9A /* ShowItemTableViewCell.xib */ = {isa = PBXFileReference; lastKnownFileType = file.xib; path = ShowItemTableViewCell.xib; sourceTree = "<group>"; };
/* End PBXFileReference section */

/* Begin PBXFrameworksBuildPhase section */
		DD3148A028A69B3700A47F9A /* Frameworks */ = {
			isa = PBXFrameworksBuildPhase;
			buildActionMask = 2147483647;
			files = (
			);
			runOnlyForDeploymentPostprocessing = 0;
		};
/* End PBXFrameworksBuildPhase section */

/* Begin PBXGroup section */
		DD31489A28A69B3700A47F9A = {
			isa = PBXGroup;
			children = (
				DD3148A528A69B3700A47F9A /* Guidomia 2021 Test assignment */,
				DD3148A428A69B3700A47F9A /* Products */,
			);
			sourceTree = "<group>";
		};
		DD3148A428A69B3700A47F9A /* Products */ = {
			isa = PBXGroup;
			children = (
				DD3148A328A69B3700A47F9A /* Guidomia 2021 Test assignment.app */,
			);
			name = Products;
			sourceTree = "<group>";
		};
		DD3148A528A69B3700A47F9A /* Guidomia 2021 Test assignment */ = {
			isa = PBXGroup;
			children = (
				DD3148A628A69B3700A47F9A /* AppDelegate.swift */,
				DD3148A828A69B3700A47F9A /* SceneDelegate.swift */,
				DD3148AA28A69B3700A47F9A /* ViewController.swift */,
				DD31490528A6B39900A47F9A /* Data */,
				DD31490028A6B32800A47F9A /* Cell */,
				DD3148EB28A6B00F00A47F9A /* Resources */,
				DD3148AC28A69B3700A47F9A /* Main.storyboard */,
				DD3148AF28A69B3A00A47F9A /* Assets.xcassets */,
				DD3148B128A69B3A00A47F9A /* LaunchScreen.storyboard */,
				DD3148B428A69B3A00A47F9A /* Info.plist */,
			);
			path = "Guidomia 2021 Test assignment";
			sourceTree = "<group>";
		};
		DD3148EB28A6B00F00A47F9A /* Resources */ = {
			isa = PBXGroup;
			children = (
				DD3148EC28A6B00F00A47F9A /* Code couleur.pdf */,
				DD3148ED28A6B00F00A47F9A /* Alpine_roadster.jpg */,
				DD3148EE28A6B00F00A47F9A /* Range_Rover.jpg */,
				DD3148EF28A6B00F00A47F9A /* Guidomia.png */,
				DD3148F028A6B00F00A47F9A /* BMW_330i.jpg */,
				DD3148F128A6B00F00A47F9A /* Mercedez_benz_GLC.jpg */,
				DD3148F228A6B00F00A47F9A /* car_list.json */,
				DD3148F328A6B00F00A47F9A /* Tacoma.jpg */,
			);
			name = Resources;
			path = "../../Guidomia 2021 Test assignment SwiftUI/Guidomia 2021 Test assignment SwiftUI/Resources";
			sourceTree = "<group>";
		};
		DD31490028A6B32800A47F9A /* Cell */ = {
			isa = PBXGroup;
			children = (
				DD31490828A6B56000A47F9A /* ShowItemTableViewCell.swift */,
				DD31490928A6B56000A47F9A /* ShowItemTableViewCell.xib */,
			);
			path = Cell;
			sourceTree = "<group>";
		};
		DD31490528A6B39900A47F9A /* Data */ = {
			isa = PBXGroup;
			children = (
				DD31490128A6B39100A47F9A /* JsonLoaderService.swift */,
				DD31490628A6B39D00A47F9A /* ShowCar.swift */,
			);
			path = Data;
			sourceTree = "<group>";
		};
/* End PBXGroup section */

/* Begin PBXNativeTarget section */
		DD3148A228A69B3700A47F9A /* Guidomia 2021 Test assignment */ = {
			isa = PBXNativeTarget;
			buildConfigurationList = DD3148B728A69B3A00A47F9A /* Build configuration list for PBXNativeTarget "Guidomia 2021 Test assignment" */;
			buildPhases = (
				DD31489F28A69B3700A47F9A /* Sources */,
				DD3148A028A69B3700A47F9A /* Frameworks */,
				DD3148A128A69B3700A47F9A /* Resources */,
			);
			buildRules = (
			);
			dependencies = (
			);
			name = "Guidomia 2021 Test assignment";
			productName = "Guidomia 2021 Test assignment";
			productReference = DD3148A328A69B3700A47F9A /* Guidomia 2021 Test assignment.app */;
			productType = "com.apple.product-type.application";
		};
/* End PBXNativeTarget section */

/* Begin PBXProject section */
		DD31489B28A69B3700A47F9A /* Project object */ = {
			isa = PBXProject;
			attributes = {
				BuildIndependentTargetsInParallel = 1;
				LastSwiftUpdateCheck = 1340;
				LastUpgradeCheck = 1340;
				TargetAttributes = {
					DD3148A228A69B3700A47F9A = {
						CreatedOnToolsVersion = 13.4.1;
					};
				};
			};
			buildConfigurationList = DD31489E28A69B3700A47F9A /* Build configuration list for PBXProject "Guidomia 2021 Test assignment" */;
			compatibilityVersion = "Xcode 13.0";
			developmentRegion = en;
			hasScannedForEncodings = 0;
			knownRegions = (
				en,
				Base,
			);
			mainGroup = DD31489A28A69B3700A47F9A;
			productRefGroup = DD3148A428A69B3700A47F9A /* Products */;
			projectDirPath = "";
			projectRoot = "";
			targets = (
				DD3148A228A69B3700A47F9A /* Guidomia 2021 Test assignment */,
			);
		};
/* End PBXProject section */

/* Begin PBXResourcesBuildPhase section */
		DD3148A128A69B3700A47F9A /* Resources */ = {
			isa = PBXResourcesBuildPhase;
			buildActionMask = 2147483647;
			files = (
				DD3148B328A69B3A00A47F9A /* LaunchScreen.storyboard in Resources */,
				DD3148F528A6B00F00A47F9A /* Alpine_roadster.jpg in Resources */,
				DD3148B028A69B3A00A47F9A /* Assets.xcassets in Resources */,
				DD3148F428A6B00F00A47F9A /* Code couleur.pdf in Resources */,
				DD3148FB28A6B00F00A47F9A /* Tacoma.jpg in Resources */,
				DD3148FA28A6B00F00A47F9A /* car_list.json in Resources */,
				DD3148F628A6B00F00A47F9A /* Range_Rover.jpg in Resources */,
				DD3148AE28A69B3700A47F9A /* Main.storyboard in Resources */,
				DD3148F728A6B00F00A47F9A /* Guidomia.png in Resources */,
				DD31490B28A6B56000A47F9A /* ShowItemTableViewCell.xib in Resources */,
				DD3148F828A6B00F00A47F9A /* BMW_330i.jpg in Resources */,
				DD3148F928A6B00F00A47F9A /* Mercedez_benz_GLC.jpg in Resources */,
			);
			runOnlyForDeploymentPostprocessing = 0;
		};
/* End PBXResourcesBuildPhase section */

/* Begin PBXSourcesBuildPhase section */
		DD31489F28A69B3700A47F9A /* Sources */ = {
			isa = PBXSourcesBuildPhase;
			buildActionMask = 2147483647;
			files = (
				DD3148AB28A69B3700A47F9A /* ViewController.swift in Sources */,
				DD3148A728A69B3700A47F9A /* AppDelegate.swift in Sources */,
				DD31490A28A6B56000A47F9A /* ShowItemTableViewCell.swift in Sources */,
				DD31490328A6B39100A47F9A /* JsonLoaderService.swift in Sources */,
				DD3148A928A69B3700A47F9A /* SceneDelegate.swift in Sources */,
				DD31490728A6B39D00A47F9A /* ShowCar.swift in Sources */,
			);
			runOnlyForDeploymentPostprocessing = 0;
		};
/* End PBXSourcesBuildPhase section */

/* Begin PBXVariantGroup section */
		DD3148AC28A69B3700A47F9A /* Main.storyboard */ = {
			isa = PBXVariantGroup;
			children = (
				DD3148AD28A69B3700A47F9A /* Base */,
			);
			name = Main.storyboard;
			sourceTree = "<group>";
		};
		DD3148B128A69B3A00A47F9A /* LaunchScreen.storyboard */ = {
			isa = PBXVariantGroup;
			children = (
				DD3148B228A69B3A00A47F9A /* Base */,
			);
			name = LaunchScreen.storyboard;
			sourceTree = "<group>";
		};
/* End PBXVariantGroup section */

/* Begin XCBuildConfiguration section */
		DD3148B528A69B3A00A47F9A /* Debug */ = {
			isa = XCBuildConfiguration;
			buildSettings = {
				ALWAYS_SEARCH_USER_PATHS = NO;
				CLANG_ANALYZER_NONNULL = YES;
				CLANG_ANALYZER_NUMBER_OBJECT_CONVERSION = YES_AGGRESSIVE;
				CLANG_CXX_LANGUAGE_STANDARD = "gnu++17";
				CLANG_ENABLE_MODULES = YES;
				CLANG_ENABLE_OBJC_ARC = YES;
				CLANG_ENABLE_OBJC_WEAK = YES;
				CLANG_WARN_BLOCK_CAPTURE_AUTORELEASING = YES;
				CLANG_WARN_BOOL_CONVERSION = YES;
				CLANG_WARN_COMMA = YES;
				CLANG_WARN_CONSTANT_CONVERSION = YES;
				CLANG_WARN_DEPRECATED_OBJC_IMPLEMENTATIONS = YES;
				CLANG_WARN_DIRECT_OBJC_ISA_USAGE = YES_ERROR;
				CLANG_WARN_DOCUMENTATION_COMMENTS = YES;
				CLANG_WARN_EMPTY_BODY = YES;
				CLANG_WARN_ENUM_CONVERSION = YES;
				CLANG_WARN_INFINITE_RECURSION = YES;
				CLANG_WARN_INT_CONVERSION = YES;
				CLANG_WARN_NON_LITERAL_NULL_CONVERSION = YES;
				CLANG_WARN_OBJC_IMPLICIT_RETAIN_SELF = YES;
				CLANG_WARN_OBJC_LITERAL_CONVERSION = YES;
				CLANG_WARN_OBJC_ROOT_CLASS = YES_ERROR;
				CLANG_WARN_QUOTED_INCLUDE_IN_FRAMEWORK_HEADER = YES;
				CLANG_WARN_RANGE_LOOP_ANALYSIS = YES;
				CLANG_WARN_STRICT_PROTOTYPES = YES;
				CLANG_WARN_SUSPICIOUS_MOVE = YES;
				CLANG_WARN_UNGUARDED_AVAILABILITY = YES_AGGRESSIVE;
				CLANG_WARN_UNREACHABLE_CODE = YES;
				CLANG_WARN__DUPLICATE_METHOD_MATCH = YES;
				COPY_PHASE_STRIP = NO;
				DEBUG_INFORMATION_FORMAT = dwarf;
				ENABLE_STRICT_OBJC_MSGSEND = YES;
				ENABLE_TESTABILITY = YES;
				GCC_C_LANGUAGE_STANDARD = gnu11;
				GCC_DYNAMIC_NO_PIC = NO;
				GCC_NO_COMMON_BLOCKS = YES;
				GCC_OPTIMIZATION_LEVEL = 0;
				GCC_PREPROCESSOR_DEFINITIONS = (
					"DEBUG=1",
					"$(inherited)",
				);
				GCC_WARN_64_TO_32_BIT_CONVERSION = YES;
				GCC_WARN_ABOUT_RETURN_TYPE = YES_ERROR;
				GCC_WARN_UNDECLARED_SELECTOR = YES;
				GCC_WARN_UNINITIALIZED_AUTOS = YES_AGGRESSIVE;
				GCC_WARN_UNUSED_FUNCTION = YES;
				GCC_WARN_UNUSED_VARIABLE = YES;
				IPHONEOS_DEPLOYMENT_TARGET = 15.5;
				MTL_ENABLE_DEBUG_INFO = INCLUDE_SOURCE;
				MTL_FAST_MATH = YES;
				ONLY_ACTIVE_ARCH = YES;
				SDKROOT = iphoneos;
				SWIFT_ACTIVE_COMPILATION_CONDITIONS = DEBUG;
				SWIFT_OPTIMIZATION_LEVEL = "-Onone";
			};
			name = Debug;
		};
		DD3148B628A69B3A00A47F9A /* Release */ = {
			isa = XCBuildConfiguration;
			buildSettings = {
				ALWAYS_SEARCH_USER_PATHS = NO;
				CLANG_ANALYZER_NONNULL = YES;
				CLANG_ANALYZER_NUMBER_OBJECT_CONVERSION = YES_AGGRESSIVE;
				CLANG_CXX_LANGUAGE_STANDARD = "gnu++17";
				CLANG_ENABLE_MODULES = YES;
				CLANG_ENABLE_OBJC_ARC = YES;
				CLANG_ENABLE_OBJC_WEAK = YES;
				CLANG_WARN_BLOCK_CAPTURE_AUTORELEASING = YES;
				CLANG_WARN_BOOL_CONVERSION = YES;
				CLANG_WARN_COMMA = YES;
				CLANG_WARN_CONSTANT_CONVERSION = YES;
				CLANG_WARN_DEPRECATED_OBJC_IMPLEMENTATIONS = YES;
				CLANG_WARN_DIRECT_OBJC_ISA_USAGE = YES_ERROR;
				CLANG_WARN_DOCUMENTATION_COMMENTS = YES;
				CLANG_WARN_EMPTY_BODY = YES;
				CLANG_WARN_ENUM_CONVERSION = YES;
				CLANG_WARN_INFINITE_RECURSION = YES;
				CLANG_WARN_INT_CONVERSION = YES;
				CLANG_WARN_NON_LITERAL_NULL_CONVERSION = YES;
				CLANG_WARN_OBJC_IMPLICIT_RETAIN_SELF = YES;
				CLANG_WARN_OBJC_LITERAL_CONVERSION = YES;
				CLANG_WARN_OBJC_ROOT_CLASS = YES_ERROR;
				CLANG_WARN_QUOTED_INCLUDE_IN_FRAMEWORK_HEADER = YES;
				CLANG_WARN_RANGE_LOOP_ANALYSIS = YES;
				CLANG_WARN_STRICT_PROTOTYPES = YES;
				CLANG_WARN_SUSPICIOUS_MOVE = YES;
				CLANG_WARN_UNGUARDED_AVAILABILITY = YES_AGGRESSIVE;
				CLANG_WARN_UNREACHABLE_CODE = YES;
				CLANG_WARN__DUPLICATE_METHOD_MATCH = YES;
				COPY_PHASE_STRIP = NO;
				DEBUG_INFORMATION_FORMAT = "dwarf-with-dsym";
				ENABLE_NS_ASSERTIONS = NO;
				ENABLE_STRICT_OBJC_MSGSEND = YES;
				GCC_C_LANGUAGE_STANDARD = gnu11;
				GCC_NO_COMMON_BLOCKS = YES;
				GCC_WARN_64_TO_32_BIT_CONVERSION = YES;
				GCC_WARN_ABOUT_RETURN_TYPE = YES_ERROR;
				GCC_WARN_UNDECLARED_SELECTOR = YES;
				GCC_WARN_UNINITIALIZED_AUTOS = YES_AGGRESSIVE;
				GCC_WARN_UNUSED_FUNCTION = YES;
				GCC_WARN_UNUSED_VARIABLE = YES;
				IPHONEOS_DEPLOYMENT_TARGET = 15.5;
				MTL_ENABLE_DEBUG_INFO = NO;
				MTL_FAST_MATH = YES;
				SDKROOT = iphoneos;
				SWIFT_COMPILATION_MODE = wholemodule;
				SWIFT_OPTIMIZATION_LEVEL = "-O";
				VALIDATE_PRODUCT = YES;
			};
			name = Release;
		};
		DD3148B828A69B3A00A47F9A /* Debug */ = {
			isa = XCBuildConfiguration;
			buildSettings = {
				ASSETCATALOG_COMPILER_APPICON_NAME = AppIcon;
				ASSETCATALOG_COMPILER_GLOBAL_ACCENT_COLOR_NAME = AccentColor;
				CODE_SIGN_STYLE = Automatic;
				CURRENT_PROJECT_VERSION = 1;
				DEVELOPMENT_TEAM = TLCLG9RLLR;
				GENERATE_INFOPLIST_FILE = YES;
				INFOPLIST_FILE = "Guidomia 2021 Test assignment/Info.plist";
				INFOPLIST_KEY_UIApplicationSupportsIndirectInputEvents = YES;
				INFOPLIST_KEY_UILaunchStoryboardName = LaunchScreen;
				INFOPLIST_KEY_UIMainStoryboardFile = Main;
				INFOPLIST_KEY_UISupportedInterfaceOrientations_iPad = "UIInterfaceOrientationPortrait UIInterfaceOrientationPortraitUpsideDown UIInterfaceOrientationLandscapeLeft UIInterfaceOrientationLandscapeRight";
				INFOPLIST_KEY_UISupportedInterfaceOrientations_iPhone = "UIInterfaceOrientationPortrait UIInterfaceOrientationLandscapeLeft UIInterfaceOrientationLandscapeRight";
				LD_RUNPATH_SEARCH_PATHS = (
					"$(inherited)",
					"@executable_path/Frameworks",
				);
				MARKETING_VERSION = 1.0;
				PRODUCT_BUNDLE_IDENTIFIER = "cnexia.Guidomia-2021-Test-assignment";
				PRODUCT_NAME = "$(TARGET_NAME)";
				SWIFT_EMIT_LOC_STRINGS = YES;
				SWIFT_VERSION = 5.0;
				TARGETED_DEVICE_FAMILY = "1,2";
			};
			name = Debug;
		};
		DD3148B928A69B3A00A47F9A /* Release */ = {
			isa = XCBuildConfiguration;
			buildSettings = {
				ASSETCATALOG_COMPILER_APPICON_NAME = AppIcon;
				ASSETCATALOG_COMPILER_GLOBAL_ACCENT_COLOR_NAME = AccentColor;
				CODE_SIGN_STYLE = Automatic;
				CURRENT_PROJECT_VERSION = 1;
				DEVELOPMENT_TEAM = TLCLG9RLLR;
				GENERATE_INFOPLIST_FILE = YES;
				INFOPLIST_FILE = "Guidomia 2021 Test assignment/Info.plist";
				INFOPLIST_KEY_UIApplicationSupportsIndirectInputEvents = YES;
				INFOPLIST_KEY_UILaunchStoryboardName = LaunchScreen;
				INFOPLIST_KEY_UIMainStoryboardFile = Main;
				INFOPLIST_KEY_UISupportedInterfaceOrientations_iPad = "UIInterfaceOrientationPortrait UIInterfaceOrientationPortraitUpsideDown UIInterfaceOrientationLandscapeLeft UIInterfaceOrientationLandscapeRight";
				INFOPLIST_KEY_UISupportedInterfaceOrientations_iPhone = "UIInterfaceOrientationPortrait UIInterfaceOrientationLandscapeLeft UIInterfaceOrientationLandscapeRight";
				LD_RUNPATH_SEARCH_PATHS = (
					"$(inherited)",
					"@executable_path/Frameworks",
				);
				MARKETING_VERSION = 1.0;
				PRODUCT_BUNDLE_IDENTIFIER = "cnexia.Guidomia-2021-Test-assignment";
				PRODUCT_NAME = "$(TARGET_NAME)";
				SWIFT_EMIT_LOC_STRINGS = YES;
				SWIFT_VERSION = 5.0;
				TARGETED_DEVICE_FAMILY = "1,2";
			};
			name = Release;
		};
/* End XCBuildConfiguration section */

/* Begin XCConfigurationList section */
		DD31489E28A69B3700A47F9A /* Build configuration list for PBXProject "Guidomia 2021 Test assignment" */ = {
			isa = XCConfigurationList;
			buildConfigurations = (
				DD3148B528A69B3A00A47F9A /* Debug */,
				DD3148B628A69B3A00A47F9A /* Release */,
			);
			defaultConfigurationIsVisible = 0;
			defaultConfigurationName = Release;
		};
		DD3148B728A69B3A00A47F9A /* Build configuration list for PBXNativeTarget "Guidomia 2021 Test assignment" */ = {
			isa = XCConfigurationList;
			buildConfigurations = (
				DD3148B828A69B3A00A47F9A /* Debug */,
				DD3148B928A69B3A00A47F9A /* Release */,
			);
			defaultConfigurationIsVisible = 0;
			defaultConfigurationName = Release;
		};
/* End XCConfigurationList section */
	};
	rootObject = DD31489B28A69B3700A47F9A /* Project object */;
}
